// !$*UTF8*$!
{
	archiveVersion = 1;
	classes = {
	};
	objectVersion = 48;
	objects = {

/* Begin PBXBuildFile section */
		198BB2351FFE74EA004A5722 /* AppDelegate.swift in Sources */ = {isa = PBXBuildFile; fileRef = 198BB2341FFE74EA004A5722 /* AppDelegate.swift */; };
		198BB23C1FFE74EA004A5722 /* Assets.xcassets in Resources */ = {isa = PBXBuildFile; fileRef = 198BB23B1FFE74EA004A5722 /* Assets.xcassets */; };
		19B942D91FFF96F70028DEB8 /* PhotoAlbumViewController.swift in Sources */ = {isa = PBXBuildFile; fileRef = 19B942D81FFF96F70028DEB8 /* PhotoAlbumViewController.swift */; };
		19B9430920001BAF0028DEB8 /* Model.xcdatamodeld in Sources */ = {isa = PBXBuildFile; fileRef = 19B9430720001BAF0028DEB8 /* Model.xcdatamodeld */; };
		19B9430B2000F60A0028DEB8 /* PhotoCollectionViewCell.swift in Sources */ = {isa = PBXBuildFile; fileRef = 19B9430A2000F60A0028DEB8 /* PhotoCollectionViewCell.swift */; };
		19EBBF202001827100243824 /* LoadingPhotoCollectionViewCell.swift in Sources */ = {isa = PBXBuildFile; fileRef = 19EBBF1F2001827100243824 /* LoadingPhotoCollectionViewCell.swift */; };
		19EBBF222001867400243824 /* PhotoCollectionViewViewController.swift in Sources */ = {isa = PBXBuildFile; fileRef = 19EBBF212001867400243824 /* PhotoCollectionViewViewController.swift */; };
		3C9DE0A6F22044CBF57EC375 /* CoreDataStack.swift in Sources */ = {isa = PBXBuildFile; fileRef = 3C9DED1FFF62D53378027568 /* CoreDataStack.swift */; };
		3C9DE190048B2581D4A9C2D4 /* PhotoAlbum+CoreDataProperties.swift in Sources */ = {isa = PBXBuildFile; fileRef = 3C9DE10126E350924FFA2548 /* PhotoAlbum+CoreDataProperties.swift */; };
		3C9DE19812CF6DE773CD2F11 /* PhotoAlbum+CoreDataClass.swift in Sources */ = {isa = PBXBuildFile; fileRef = 3C9DE358586479BA2A63BD60 /* PhotoAlbum+CoreDataClass.swift */; };
		3C9DE2D1D97518B27B5EEAFC /* Main.storyboard in Resources */ = {isa = PBXBuildFile; fileRef = 3C9DEFABBF3A9957507BBEBD /* Main.storyboard */; };
		3C9DE2F850990DF300ED8301 /* Photo+CoreDataClass.swift in Sources */ = {isa = PBXBuildFile; fileRef = 3C9DEC8316518DAB61A3FD47 /* Photo+CoreDataClass.swift */; };
		3C9DE38948E7ECBBF4C259BB /* TravelLocation+CoreDataClass.swift in Sources */ = {isa = PBXBuildFile; fileRef = 3C9DE581A526D59EA2EAA5BC /* TravelLocation+CoreDataClass.swift */; };
		3C9DE49D8DA54EF2D86FA734 /* TravelLocation+CoreDataProperties.swift in Sources */ = {isa = PBXBuildFile; fileRef = 3C9DEF4228ED434492EC3591 /* TravelLocation+CoreDataProperties.swift */; };
		3C9DE4BE7C991ED53F335541 /* TransientTravelLocation.swift in Sources */ = {isa = PBXBuildFile; fileRef = 3C9DE46E093F8CD2C33C7A84 /* TransientTravelLocation.swift */; };
		3C9DE6B775ECCBA4BF53F447 /* FlickrAPIConstants.swift in Sources */ = {isa = PBXBuildFile; fileRef = 3C9DE07A3A60D38E1AF192BE /* FlickrAPIConstants.swift */; };
		3C9DE6C1AFC686E85041E386 /* TravelLocationsMapViewController.swift in Sources */ = {isa = PBXBuildFile; fileRef = 3C9DE14621A3586EAE7F7305 /* TravelLocationsMapViewController.swift */; };
		3C9DE814DEF8FC43C2B5B1ED /* TransientPersistentConversionBridge.swift in Sources */ = {isa = PBXBuildFile; fileRef = 3C9DE88C000A5B7D9675DBB1 /* TransientPersistentConversionBridge.swift */; };
		3C9DE89E8995BEF908F52E74 /* LaunchScreen.storyboard in Resources */ = {isa = PBXBuildFile; fileRef = 3C9DE52E7D86D4AC23AAB025 /* LaunchScreen.storyboard */; };
		3C9DE99A7A28C6099372DEBD /* TransientPhotoAlbum.swift in Sources */ = {isa = PBXBuildFile; fileRef = 3C9DE5E9C0C376F87FE7F64D /* TransientPhotoAlbum.swift */; };
		3C9DEA69E6ED9FDBEADA7F1D /* APIClient.swift in Sources */ = {isa = PBXBuildFile; fileRef = 3C9DE1CCF7174E84EFD27BCD /* APIClient.swift */; };
		3C9DEB5AC532E3FF3F5128F1 /* TransientPhoto.swift in Sources */ = {isa = PBXBuildFile; fileRef = 3C9DE16136FB88ADDE1544BA /* TransientPhoto.swift */; };
		3C9DEB6EC6FB87C01CBF7E16 /* PersistenceController.swift in Sources */ = {isa = PBXBuildFile; fileRef = 3C9DE1809925FEECD319F533 /* PersistenceController.swift */; };
		3C9DEBF24FCD2D372443EAA5 /* FlickrAPIClient.swift in Sources */ = {isa = PBXBuildFile; fileRef = 3C9DEA3EC5C1BA7B4B75A644 /* FlickrAPIClient.swift */; };
		3C9DEEF52CB3E78A4E0D1CB4 /* Photo+CoreDataProperties.swift in Sources */ = {isa = PBXBuildFile; fileRef = 3C9DE00328735B71E123A6F4 /* Photo+CoreDataProperties.swift */; };
		3C9DEF44965846A9F8B04ECD /* TravelLocation+MKPointAnnotationConversion.swift in Sources */ = {isa = PBXBuildFile; fileRef = 3C9DE1CF7D6D3C42465D2D24 /* TravelLocation+MKPointAnnotationConversion.swift */; };
		3C9DEF5F86792A835D0208F1 /* PhotoCollectionViewViewControllerDelegate.swift in Sources */ = {isa = PBXBuildFile; fileRef = 3C9DEEE1601B9868D8603450 /* PhotoCollectionViewViewControllerDelegate.swift */; };
/* End PBXBuildFile section */

/* Begin PBXFileReference section */
		198BB2311FFE74EA004A5722 /* Virtual Tourist.app */ = {isa = PBXFileReference; explicitFileType = wrapper.application; includeInIndex = 0; path = "Virtual Tourist.app"; sourceTree = BUILT_PRODUCTS_DIR; };
		198BB2341FFE74EA004A5722 /* AppDelegate.swift */ = {isa = PBXFileReference; lastKnownFileType = sourcecode.swift; path = AppDelegate.swift; sourceTree = "<group>"; };
		198BB23B1FFE74EA004A5722 /* Assets.xcassets */ = {isa = PBXFileReference; lastKnownFileType = folder.assetcatalog; path = Assets.xcassets; sourceTree = "<group>"; };
		198BB2401FFE74EA004A5722 /* Info.plist */ = {isa = PBXFileReference; lastKnownFileType = text.plist.xml; path = Info.plist; sourceTree = "<group>"; };
		19B942D81FFF96F70028DEB8 /* PhotoAlbumViewController.swift */ = {isa = PBXFileReference; lastKnownFileType = sourcecode.swift; path = PhotoAlbumViewController.swift; sourceTree = "<group>"; };
		19B9430820001BAF0028DEB8 /* Model.xcdatamodel */ = {isa = PBXFileReference; lastKnownFileType = wrapper.xcdatamodel; path = Model.xcdatamodel; sourceTree = "<group>"; };
		19B9430A2000F60A0028DEB8 /* PhotoCollectionViewCell.swift */ = {isa = PBXFileReference; lastKnownFileType = sourcecode.swift; path = PhotoCollectionViewCell.swift; sourceTree = "<group>"; };
		19EBBF1F2001827100243824 /* LoadingPhotoCollectionViewCell.swift */ = {isa = PBXFileReference; lastKnownFileType = sourcecode.swift; path = LoadingPhotoCollectionViewCell.swift; sourceTree = "<group>"; };
		19EBBF212001867400243824 /* PhotoCollectionViewViewController.swift */ = {isa = PBXFileReference; lastKnownFileType = sourcecode.swift; path = PhotoCollectionViewViewController.swift; sourceTree = "<group>"; };
		3C9DE00328735B71E123A6F4 /* Photo+CoreDataProperties.swift */ = {isa = PBXFileReference; fileEncoding = 4; lastKnownFileType = sourcecode.swift; path = "Photo+CoreDataProperties.swift"; sourceTree = "<group>"; };
		3C9DE07A3A60D38E1AF192BE /* FlickrAPIConstants.swift */ = {isa = PBXFileReference; fileEncoding = 4; lastKnownFileType = sourcecode.swift; path = FlickrAPIConstants.swift; sourceTree = "<group>"; };
		3C9DE10126E350924FFA2548 /* PhotoAlbum+CoreDataProperties.swift */ = {isa = PBXFileReference; fileEncoding = 4; lastKnownFileType = sourcecode.swift; path = "PhotoAlbum+CoreDataProperties.swift"; sourceTree = "<group>"; };
		3C9DE14621A3586EAE7F7305 /* TravelLocationsMapViewController.swift */ = {isa = PBXFileReference; fileEncoding = 4; lastKnownFileType = sourcecode.swift; path = TravelLocationsMapViewController.swift; sourceTree = "<group>"; };
		3C9DE16136FB88ADDE1544BA /* TransientPhoto.swift */ = {isa = PBXFileReference; fileEncoding = 4; lastKnownFileType = sourcecode.swift; path = TransientPhoto.swift; sourceTree = "<group>"; };
		3C9DE1809925FEECD319F533 /* PersistenceController.swift */ = {isa = PBXFileReference; fileEncoding = 4; lastKnownFileType = sourcecode.swift; path = PersistenceController.swift; sourceTree = "<group>"; };
		3C9DE1CCF7174E84EFD27BCD /* APIClient.swift */ = {isa = PBXFileReference; fileEncoding = 4; lastKnownFileType = sourcecode.swift; path = APIClient.swift; sourceTree = "<group>"; };
		3C9DE1CF7D6D3C42465D2D24 /* TravelLocation+MKPointAnnotationConversion.swift */ = {isa = PBXFileReference; fileEncoding = 4; lastKnownFileType = sourcecode.swift; path = "TravelLocation+MKPointAnnotationConversion.swift"; sourceTree = "<group>"; };
		3C9DE358586479BA2A63BD60 /* PhotoAlbum+CoreDataClass.swift */ = {isa = PBXFileReference; fileEncoding = 4; lastKnownFileType = sourcecode.swift; path = "PhotoAlbum+CoreDataClass.swift"; sourceTree = "<group>"; };
		3C9DE3CB51415ACD82D332C0 /* Base */ = {isa = PBXFileReference; lastKnownFileType = file.storyboard; name = Base; path = "Virtual Tourist/Base.lproj/LaunchScreen.storyboard"; sourceTree = SOURCE_ROOT; };
		3C9DE46E093F8CD2C33C7A84 /* TransientTravelLocation.swift */ = {isa = PBXFileReference; fileEncoding = 4; lastKnownFileType = sourcecode.swift; path = TransientTravelLocation.swift; sourceTree = "<group>"; };
		3C9DE581A526D59EA2EAA5BC /* TravelLocation+CoreDataClass.swift */ = {isa = PBXFileReference; fileEncoding = 4; lastKnownFileType = sourcecode.swift; path = "TravelLocation+CoreDataClass.swift"; sourceTree = "<group>"; };
		3C9DE5E9C0C376F87FE7F64D /* TransientPhotoAlbum.swift */ = {isa = PBXFileReference; fileEncoding = 4; lastKnownFileType = sourcecode.swift; path = TransientPhotoAlbum.swift; sourceTree = "<group>"; };
		3C9DE88C000A5B7D9675DBB1 /* TransientPersistentConversionBridge.swift */ = {isa = PBXFileReference; fileEncoding = 4; lastKnownFileType = sourcecode.swift; path = TransientPersistentConversionBridge.swift; sourceTree = "<group>"; };
		3C9DEA3EC5C1BA7B4B75A644 /* FlickrAPIClient.swift */ = {isa = PBXFileReference; fileEncoding = 4; lastKnownFileType = sourcecode.swift; path = FlickrAPIClient.swift; sourceTree = "<group>"; };
		3C9DEC8316518DAB61A3FD47 /* Photo+CoreDataClass.swift */ = {isa = PBXFileReference; fileEncoding = 4; lastKnownFileType = sourcecode.swift; path = "Photo+CoreDataClass.swift"; sourceTree = "<group>"; };
		3C9DED1FFF62D53378027568 /* CoreDataStack.swift */ = {isa = PBXFileReference; fileEncoding = 4; lastKnownFileType = sourcecode.swift; path = CoreDataStack.swift; sourceTree = "<group>"; };
		3C9DEEE1601B9868D8603450 /* PhotoCollectionViewViewControllerDelegate.swift */ = {isa = PBXFileReference; fileEncoding = 4; lastKnownFileType = sourcecode.swift; path = PhotoCollectionViewViewControllerDelegate.swift; sourceTree = "<group>"; };
		3C9DEF4228ED434492EC3591 /* TravelLocation+CoreDataProperties.swift */ = {isa = PBXFileReference; fileEncoding = 4; lastKnownFileType = sourcecode.swift; path = "TravelLocation+CoreDataProperties.swift"; sourceTree = "<group>"; };
		3C9DEF6953B9A6875955017D /* Base */ = {isa = PBXFileReference; lastKnownFileType = file.storyboard; name = Base; path = "Virtual Tourist/Base.lproj/Main.storyboard"; sourceTree = SOURCE_ROOT; };
/* End PBXFileReference section */

/* Begin PBXFrameworksBuildPhase section */
		198BB22E1FFE74EA004A5722 /* Frameworks */ = {
			isa = PBXFrameworksBuildPhase;
			buildActionMask = 2147483647;
			files = (
			);
			runOnlyForDeploymentPostprocessing = 0;
		};
/* End PBXFrameworksBuildPhase section */

/* Begin PBXGroup section */
		198BB2281FFE74EA004A5722 = {
			isa = PBXGroup;
			children = (
				198BB2331FFE74EA004A5722 /* Virtual Tourist */,
				198BB2321FFE74EA004A5722 /* Products */,
			);
			sourceTree = "<group>";
		};
		198BB2321FFE74EA004A5722 /* Products */ = {
			isa = PBXGroup;
			children = (
				198BB2311FFE74EA004A5722 /* Virtual Tourist.app */,
			);
			name = Products;
			sourceTree = "<group>";
		};
		198BB2331FFE74EA004A5722 /* Virtual Tourist */ = {
			isa = PBXGroup;
			children = (
				198BB2341FFE74EA004A5722 /* AppDelegate.swift */,
				198BB23B1FFE74EA004A5722 /* Assets.xcassets */,
				198BB2401FFE74EA004A5722 /* Info.plist */,
				3C9DE89F2A7A2A847E1F1AB4 /* Storyboards */,
				3C9DEBB076450AEA7115D592 /* ViewControllers */,
				3C9DE2BF9C477DCED1984592 /* Model */,
				3C9DE3822C14B5BF4D0BE9A4 /* Business */,
				3C9DEAFD7BF84FD24A0B2A46 /* Conversion */,
				19B9430A2000F60A0028DEB8 /* PhotoCollectionViewCell.swift */,
				19EBBF1F2001827100243824 /* LoadingPhotoCollectionViewCell.swift */,
			);
			path = "Virtual Tourist";
			sourceTree = "<group>";
		};
		3C9DE159DC9262D38FF6C1B8 /* Flickr */ = {
			isa = PBXGroup;
			children = (
				3C9DEA3EC5C1BA7B4B75A644 /* FlickrAPIClient.swift */,
				3C9DE07A3A60D38E1AF192BE /* FlickrAPIConstants.swift */,
			);
			path = Flickr;
			sourceTree = "<group>";
		};
		3C9DE2BF9C477DCED1984592 /* Model */ = {
			isa = PBXGroup;
			children = (
				3C9DE512DDC7147910989C7C /* Transient */,
				3C9DE81D51E5AC3B42C314A9 /* Persistent */,
			);
			path = Model;
			sourceTree = "<group>";
		};
		3C9DE3822C14B5BF4D0BE9A4 /* Business */ = {
			isa = PBXGroup;
			children = (
				3C9DE51D0D07A28AB5730A97 /* APIClients */,
			);
			path = Business;
			sourceTree = "<group>";
		};
		3C9DE4AD56808DA1891EB799 /* Controllers */ = {
			isa = PBXGroup;
			children = (
				3C9DE1809925FEECD319F533 /* PersistenceController.swift */,
			);
			path = Controllers;
			sourceTree = "<group>";
		};
		3C9DE512DDC7147910989C7C /* Transient */ = {
			isa = PBXGroup;
			children = (
				3C9DE46E093F8CD2C33C7A84 /* TransientTravelLocation.swift */,
				3C9DE5E9C0C376F87FE7F64D /* TransientPhotoAlbum.swift */,
				3C9DE16136FB88ADDE1544BA /* TransientPhoto.swift */,
			);
			path = Transient;
			sourceTree = "<group>";
		};
		3C9DE51D0D07A28AB5730A97 /* APIClients */ = {
			isa = PBXGroup;
			children = (
				3C9DE159DC9262D38FF6C1B8 /* Flickr */,
				3C9DE1CCF7174E84EFD27BCD /* APIClient.swift */,
			);
			path = APIClients;
			sourceTree = "<group>";
		};
		3C9DE81D51E5AC3B42C314A9 /* Persistent */ = {
			isa = PBXGroup;
			children = (
				19B9430720001BAF0028DEB8 /* Model.xcdatamodeld */,
				3C9DED1FFF62D53378027568 /* CoreDataStack.swift */,
				3C9DE00328735B71E123A6F4 /* Photo+CoreDataProperties.swift */,
				3C9DE10126E350924FFA2548 /* PhotoAlbum+CoreDataProperties.swift */,
				3C9DE358586479BA2A63BD60 /* PhotoAlbum+CoreDataClass.swift */,
				3C9DE581A526D59EA2EAA5BC /* TravelLocation+CoreDataClass.swift */,
				3C9DEC8316518DAB61A3FD47 /* Photo+CoreDataClass.swift */,
				3C9DEF4228ED434492EC3591 /* TravelLocation+CoreDataProperties.swift */,
				3C9DE4AD56808DA1891EB799 /* Controllers */,
			);
			path = Persistent;
			sourceTree = "<group>";
		};
		3C9DE89F2A7A2A847E1F1AB4 /* Storyboards */ = {
			isa = PBXGroup;
			children = (
				3C9DE52E7D86D4AC23AAB025 /* LaunchScreen.storyboard */,
				3C9DEFABBF3A9957507BBEBD /* Main.storyboard */,
			);
			path = Storyboards;
			sourceTree = "<group>";
		};
		3C9DEAFD7BF84FD24A0B2A46 /* Conversion */ = {
			isa = PBXGroup;
			children = (
				3C9DE1CF7D6D3C42465D2D24 /* TravelLocation+MKPointAnnotationConversion.swift */,
				3C9DE88C000A5B7D9675DBB1 /* TransientPersistentConversionBridge.swift */,
			);
			path = Conversion;
			sourceTree = "<group>";
		};
		3C9DEBB076450AEA7115D592 /* ViewControllers */ = {
			isa = PBXGroup;
			children = (
				3C9DE14621A3586EAE7F7305 /* TravelLocationsMapViewController.swift */,
				19B942D81FFF96F70028DEB8 /* PhotoAlbumViewController.swift */,
				19EBBF212001867400243824 /* PhotoCollectionViewViewController.swift */,
				3C9DEEE1601B9868D8603450 /* PhotoCollectionViewViewControllerDelegate.swift */,
			);
			path = ViewControllers;
			sourceTree = "<group>";
		};
/* End PBXGroup section */

/* Begin PBXNativeTarget section */
		198BB2301FFE74EA004A5722 /* Virtual Tourist */ = {
			isa = PBXNativeTarget;
			buildConfigurationList = 198BB2431FFE74EA004A5722 /* Build configuration list for PBXNativeTarget "Virtual Tourist" */;
			buildPhases = (
				198BB22D1FFE74EA004A5722 /* Sources */,
				198BB22E1FFE74EA004A5722 /* Frameworks */,
				198BB22F1FFE74EA004A5722 /* Resources */,
			);
			buildRules = (
			);
			dependencies = (
			);
			name = "Virtual Tourist";
			productName = "Virtual Tourist";
			productReference = 198BB2311FFE74EA004A5722 /* Virtual Tourist.app */;
			productType = "com.apple.product-type.application";
		};
/* End PBXNativeTarget section */

/* Begin PBXProject section */
		198BB2291FFE74EA004A5722 /* Project object */ = {
			isa = PBXProject;
			attributes = {
				LastSwiftUpdateCheck = 0920;
				LastUpgradeCheck = 0920;
				ORGANIZATIONNAME = "Niklas Rammerstorfer";
				TargetAttributes = {
					198BB2301FFE74EA004A5722 = {
						CreatedOnToolsVersion = 9.2;
						ProvisioningStyle = Automatic;
					};
				};
			};
			buildConfigurationList = 198BB22C1FFE74EA004A5722 /* Build configuration list for PBXProject "Virtual Tourist" */;
			compatibilityVersion = "Xcode 8.0";
			developmentRegion = en;
			hasScannedForEncodings = 0;
			knownRegions = (
				en,
				Base,
			);
			mainGroup = 198BB2281FFE74EA004A5722;
			productRefGroup = 198BB2321FFE74EA004A5722 /* Products */;
			projectDirPath = "";
			projectRoot = "";
			targets = (
				198BB2301FFE74EA004A5722 /* Virtual Tourist */,
			);
		};
/* End PBXProject section */

/* Begin PBXResourcesBuildPhase section */
		198BB22F1FFE74EA004A5722 /* Resources */ = {
			isa = PBXResourcesBuildPhase;
			buildActionMask = 2147483647;
			files = (
				198BB23C1FFE74EA004A5722 /* Assets.xcassets in Resources */,
				3C9DE89E8995BEF908F52E74 /* LaunchScreen.storyboard in Resources */,
				3C9DE2D1D97518B27B5EEAFC /* Main.storyboard in Resources */,
			);
			runOnlyForDeploymentPostprocessing = 0;
		};
/* End PBXResourcesBuildPhase section */

/* Begin PBXSourcesBuildPhase section */
		198BB22D1FFE74EA004A5722 /* Sources */ = {
			isa = PBXSourcesBuildPhase;
			buildActionMask = 2147483647;
			files = (
				19B942D91FFF96F70028DEB8 /* PhotoAlbumViewController.swift in Sources */,
				19EBBF222001867400243824 /* PhotoCollectionViewViewController.swift in Sources */,
				198BB2351FFE74EA004A5722 /* AppDelegate.swift in Sources */,
				3C9DE6C1AFC686E85041E386 /* TravelLocationsMapViewController.swift in Sources */,
				3C9DEBF24FCD2D372443EAA5 /* FlickrAPIClient.swift in Sources */,
				3C9DE6B775ECCBA4BF53F447 /* FlickrAPIConstants.swift in Sources */,
				3C9DEA69E6ED9FDBEADA7F1D /* APIClient.swift in Sources */,
				3C9DE0A6F22044CBF57EC375 /* CoreDataStack.swift in Sources */,
				19B9430920001BAF0028DEB8 /* Model.xcdatamodeld in Sources */,
				3C9DEEF52CB3E78A4E0D1CB4 /* Photo+CoreDataProperties.swift in Sources */,
				3C9DE190048B2581D4A9C2D4 /* PhotoAlbum+CoreDataProperties.swift in Sources */,
				3C9DE19812CF6DE773CD2F11 /* PhotoAlbum+CoreDataClass.swift in Sources */,
				19B9430B2000F60A0028DEB8 /* PhotoCollectionViewCell.swift in Sources */,
				19EBBF202001827100243824 /* LoadingPhotoCollectionViewCell.swift in Sources */,
				3C9DE38948E7ECBBF4C259BB /* TravelLocation+CoreDataClass.swift in Sources */,
				3C9DE2F850990DF300ED8301 /* Photo+CoreDataClass.swift in Sources */,
				3C9DE49D8DA54EF2D86FA734 /* TravelLocation+CoreDataProperties.swift in Sources */,
				3C9DE4BE7C991ED53F335541 /* TransientTravelLocation.swift in Sources */,
				3C9DE99A7A28C6099372DEBD /* TransientPhotoAlbum.swift in Sources */,
				3C9DEB5AC532E3FF3F5128F1 /* TransientPhoto.swift in Sources */,
				3C9DEB6EC6FB87C01CBF7E16 /* PersistenceController.swift in Sources */,
				3C9DEF44965846A9F8B04ECD /* TravelLocation+MKPointAnnotationConversion.swift in Sources */,
				3C9DE814DEF8FC43C2B5B1ED /* TransientPersistentConversionBridge.swift in Sources */,
				3C9DEF5F86792A835D0208F1 /* PhotoCollectionViewViewControllerDelegate.swift in Sources */,
			);
			runOnlyForDeploymentPostprocessing = 0;
		};
/* End PBXSourcesBuildPhase section */

/* Begin PBXVariantGroup section */
		3C9DE52E7D86D4AC23AAB025 /* LaunchScreen.storyboard */ = {
			isa = PBXVariantGroup;
			children = (
				3C9DE3CB51415ACD82D332C0 /* Base */,
			);
			name = LaunchScreen.storyboard;
			sourceTree = "<group>";
		};
		3C9DEFABBF3A9957507BBEBD /* Main.storyboard */ = {
			isa = PBXVariantGroup;
			children = (
				3C9DEF6953B9A6875955017D /* Base */,
			);
			name = Main.storyboard;
			sourceTree = "<group>";
		};
/* End PBXVariantGroup section */

/* Begin XCBuildConfiguration section */
		198BB2411FFE74EA004A5722 /* Debug */ = {
			isa = XCBuildConfiguration;
			buildSettings = {
				ALWAYS_SEARCH_USER_PATHS = NO;
				CLANG_ANALYZER_NONNULL = YES;
				CLANG_ANALYZER_NUMBER_OBJECT_CONVERSION = YES_AGGRESSIVE;
				CLANG_CXX_LANGUAGE_STANDARD = "gnu++14";
				CLANG_CXX_LIBRARY = "libc++";
				CLANG_ENABLE_MODULES = YES;
				CLANG_ENABLE_OBJC_ARC = YES;
				CLANG_WARN_BLOCK_CAPTURE_AUTORELEASING = YES;
				CLANG_WARN_BOOL_CONVERSION = YES;
				CLANG_WARN_COMMA = YES;
				CLANG_WARN_CONSTANT_CONVERSION = YES;
				CLANG_WARN_DIRECT_OBJC_ISA_USAGE = YES_ERROR;
				CLANG_WARN_DOCUMENTATION_COMMENTS = YES;
				CLANG_WARN_EMPTY_BODY = YES;
				CLANG_WARN_ENUM_CONVERSION = YES;
				CLANG_WARN_INFINITE_RECURSION = YES;
				CLANG_WARN_INT_CONVERSION = YES;
				CLANG_WARN_NON_LITERAL_NULL_CONVERSION = YES;
				CLANG_WARN_OBJC_LITERAL_CONVERSION = YES;
				CLANG_WARN_OBJC_ROOT_CLASS = YES_ERROR;
				CLANG_WARN_RANGE_LOOP_ANALYSIS = YES;
				CLANG_WARN_STRICT_PROTOTYPES = YES;
				CLANG_WARN_SUSPICIOUS_MOVE = YES;
				CLANG_WARN_UNGUARDED_AVAILABILITY = YES_AGGRESSIVE;
				CLANG_WARN_UNREACHABLE_CODE = YES;
				CLANG_WARN__DUPLICATE_METHOD_MATCH = YES;
				CODE_SIGN_IDENTITY = "iPhone Developer";
				COPY_PHASE_STRIP = NO;
				DEBUG_INFORMATION_FORMAT = dwarf;
				ENABLE_STRICT_OBJC_MSGSEND = YES;
				ENABLE_TESTABILITY = YES;
				GCC_C_LANGUAGE_STANDARD = gnu11;
				GCC_DYNAMIC_NO_PIC = NO;
				GCC_NO_COMMON_BLOCKS = YES;
				GCC_OPTIMIZATION_LEVEL = 0;
				GCC_PREPROCESSOR_DEFINITIONS = (
					"DEBUG=1",
					"$(inherited)",
				);
				GCC_WARN_64_TO_32_BIT_CONVERSION = YES;
				GCC_WARN_ABOUT_RETURN_TYPE = YES_ERROR;
				GCC_WARN_UNDECLARED_SELECTOR = YES;
				GCC_WARN_UNINITIALIZED_AUTOS = YES_AGGRESSIVE;
				GCC_WARN_UNUSED_FUNCTION = YES;
				GCC_WARN_UNUSED_VARIABLE = YES;
				IPHONEOS_DEPLOYMENT_TARGET = 11.2;
				MTL_ENABLE_DEBUG_INFO = YES;
				ONLY_ACTIVE_ARCH = YES;
				SDKROOT = iphoneos;
				SWIFT_ACTIVE_COMPILATION_CONDITIONS = DEBUG;
				SWIFT_OPTIMIZATION_LEVEL = "-Onone";
			};
			name = Debug;
		};
		198BB2421FFE74EA004A5722 /* Release */ = {
			isa = XCBuildConfiguration;
			buildSettings = {
				ALWAYS_SEARCH_USER_PATHS = NO;
				CLANG_ANALYZER_NONNULL = YES;
				CLANG_ANALYZER_NUMBER_OBJECT_CONVERSION = YES_AGGRESSIVE;
				CLANG_CXX_LANGUAGE_STANDARD = "gnu++14";
				CLANG_CXX_LIBRARY = "libc++";
				CLANG_ENABLE_MODULES = YES;
				CLANG_ENABLE_OBJC_ARC = YES;
				CLANG_WARN_BLOCK_CAPTURE_AUTORELEASING = YES;
				CLANG_WARN_BOOL_CONVERSION = YES;
				CLANG_WARN_COMMA = YES;
				CLANG_WARN_CONSTANT_CONVERSION = YES;
				CLANG_WARN_DIRECT_OBJC_ISA_USAGE = YES_ERROR;
				CLANG_WARN_DOCUMENTATION_COMMENTS = YES;
				CLANG_WARN_EMPTY_BODY = YES;
				CLANG_WARN_ENUM_CONVERSION = YES;
				CLANG_WARN_INFINITE_RECURSION = YES;
				CLANG_WARN_INT_CONVERSION = YES;
				CLANG_WARN_NON_LITERAL_NULL_CONVERSION = YES;
				CLANG_WARN_OBJC_LITERAL_CONVERSION = YES;
				CLANG_WARN_OBJC_ROOT_CLASS = YES_ERROR;
				CLANG_WARN_RANGE_LOOP_ANALYSIS = YES;
				CLANG_WARN_STRICT_PROTOTYPES = YES;
				CLANG_WARN_SUSPICIOUS_MOVE = YES;
				CLANG_WARN_UNGUARDED_AVAILABILITY = YES_AGGRESSIVE;
				CLANG_WARN_UNREACHABLE_CODE = YES;
				CLANG_WARN__DUPLICATE_METHOD_MATCH = YES;
				CODE_SIGN_IDENTITY = "iPhone Developer";
				COPY_PHASE_STRIP = NO;
				DEBUG_INFORMATION_FORMAT = "dwarf-with-dsym";
				ENABLE_NS_ASSERTIONS = NO;
				ENABLE_STRICT_OBJC_MSGSEND = YES;
				GCC_C_LANGUAGE_STANDARD = gnu11;
				GCC_NO_COMMON_BLOCKS = YES;
				GCC_WARN_64_TO_32_BIT_CONVERSION = YES;
				GCC_WARN_ABOUT_RETURN_TYPE = YES_ERROR;
				GCC_WARN_UNDECLARED_SELECTOR = YES;
				GCC_WARN_UNINITIALIZED_AUTOS = YES_AGGRESSIVE;
				GCC_WARN_UNUSED_FUNCTION = YES;
				GCC_WARN_UNUSED_VARIABLE = YES;
				IPHONEOS_DEPLOYMENT_TARGET = 11.2;
				MTL_ENABLE_DEBUG_INFO = NO;
				SDKROOT = iphoneos;
				SWIFT_OPTIMIZATION_LEVEL = "-Owholemodule";
				VALIDATE_PRODUCT = YES;
			};
			name = Release;
		};
		198BB2441FFE74EA004A5722 /* Debug */ = {
			isa = XCBuildConfiguration;
			buildSettings = {
				ASSETCATALOG_COMPILER_APPICON_NAME = AppIcon;
				CODE_SIGN_STYLE = Automatic;
				DEVELOPMENT_TEAM = QJQ277SAGA;
				INFOPLIST_FILE = "Virtual Tourist/Info.plist";
				LD_RUNPATH_SEARCH_PATHS = "$(inherited) @executable_path/Frameworks";
				PRODUCT_BUNDLE_IDENTIFIER = "com.niklasrammerstorfer.Virtual-Tourist";
				PRODUCT_NAME = "$(TARGET_NAME)";
				SWIFT_VERSION = 4.0;
				TARGETED_DEVICE_FAMILY = "1,2";
			};
			name = Debug;
		};
		198BB2451FFE74EA004A5722 /* Release */ = {
			isa = XCBuildConfiguration;
			buildSettings = {
				ASSETCATALOG_COMPILER_APPICON_NAME = AppIcon;
				CODE_SIGN_STYLE = Automatic;
				DEVELOPMENT_TEAM = QJQ277SAGA;
				INFOPLIST_FILE = "Virtual Tourist/Info.plist";
				LD_RUNPATH_SEARCH_PATHS = "$(inherited) @executable_path/Frameworks";
				PRODUCT_BUNDLE_IDENTIFIER = "com.niklasrammerstorfer.Virtual-Tourist";
				PRODUCT_NAME = "$(TARGET_NAME)";
				SWIFT_VERSION = 4.0;
				TARGETED_DEVICE_FAMILY = "1,2";
			};
			name = Release;
		};
/* End XCBuildConfiguration section */

/* Begin XCConfigurationList section */
		198BB22C1FFE74EA004A5722 /* Build configuration list for PBXProject "Virtual Tourist" */ = {
			isa = XCConfigurationList;
			buildConfigurations = (
				198BB2411FFE74EA004A5722 /* Debug */,
				198BB2421FFE74EA004A5722 /* Release */,
			);
			defaultConfigurationIsVisible = 0;
			defaultConfigurationName = Release;
		};
		198BB2431FFE74EA004A5722 /* Build configuration list for PBXNativeTarget "Virtual Tourist" */ = {
			isa = XCConfigurationList;
			buildConfigurations = (
				198BB2441FFE74EA004A5722 /* Debug */,
				198BB2451FFE74EA004A5722 /* Release */,
			);
			defaultConfigurationIsVisible = 0;
			defaultConfigurationName = Release;
		};
/* End XCConfigurationList section */

/* Begin XCVersionGroup section */
		19B9430720001BAF0028DEB8 /* Model.xcdatamodeld */ = {
			isa = XCVersionGroup;
			children = (
				19B9430820001BAF0028DEB8 /* Model.xcdatamodel */,
			);
			currentVersion = 19B9430820001BAF0028DEB8 /* Model.xcdatamodel */;
			path = Model.xcdatamodeld;
			sourceTree = "<group>";
			versionGroupType = wrapper.xcdatamodel;
		};
/* End XCVersionGroup section */
	};
	rootObject = 198BB2291FFE74EA004A5722 /* Project object */;
}
