// !$*UTF8*$!
{
	archiveVersion = 1;
	classes = {
	};
	objectVersion = 48;
	objects = {

/* Begin PBXBuildFile section */
		198BB2351FFE74EA004A5722 /* AppDelegate.swift in Sources */ = {isa = PBXBuildFile; fileRef = 198BB2341FFE74EA004A5722 /* AppDelegate.swift */; };
		198BB23C1FFE74EA004A5722 /* Assets.xcassets in Resources */ = {isa = PBXBuildFile; fileRef = 198BB23B1FFE74EA004A5722 /* Assets.xcassets */; };
		198BB2481FFF8132004A5722 /* Model v1.xcdatamodeld in Sources */ = {isa = PBXBuildFile; fileRef = 198BB2461FFF8132004A5722 /* Model v1.xcdatamodeld */; };
		198BB24F1FFF822D004A5722 /* TravelLocation+CoreDataClass.swift in Sources */ = {isa = PBXBuildFile; fileRef = 198BB24D1FFF822D004A5722 /* TravelLocation+CoreDataClass.swift */; };
		198BB2501FFF822D004A5722 /* TravelLocation+CoreDataProperties.swift in Sources */ = {isa = PBXBuildFile; fileRef = 198BB24E1FFF822D004A5722 /* TravelLocation+CoreDataProperties.swift */; };
		3C9DE2D1D97518B27B5EEAFC /* Main.storyboard in Resources */ = {isa = PBXBuildFile; fileRef = 3C9DEFABBF3A9957507BBEBD /* Main.storyboard */; };
		3C9DE6C1AFC686E85041E386 /* TravelLocationsMapViewController.swift in Sources */ = {isa = PBXBuildFile; fileRef = 3C9DE14621A3586EAE7F7305 /* TravelLocationsMapViewController.swift */; };
		3C9DE89E8995BEF908F52E74 /* LaunchScreen.storyboard in Resources */ = {isa = PBXBuildFile; fileRef = 3C9DE52E7D86D4AC23AAB025 /* LaunchScreen.storyboard */; };
		3C9DE9FB9CE03255FFFE0891 /* CoreDataStack.swift in Sources */ = {isa = PBXBuildFile; fileRef = 3C9DE429B1AF1F6471D997D9 /* CoreDataStack.swift */; };
/* End PBXBuildFile section */

/* Begin PBXFileReference section */
		198BB2311FFE74EA004A5722 /* Virtual Tourist.app */ = {isa = PBXFileReference; explicitFileType = wrapper.application; includeInIndex = 0; path = "Virtual Tourist.app"; sourceTree = BUILT_PRODUCTS_DIR; };
		198BB2341FFE74EA004A5722 /* AppDelegate.swift */ = {isa = PBXFileReference; lastKnownFileType = sourcecode.swift; path = AppDelegate.swift; sourceTree = "<group>"; };
		198BB23B1FFE74EA004A5722 /* Assets.xcassets */ = {isa = PBXFileReference; lastKnownFileType = folder.assetcatalog; path = Assets.xcassets; sourceTree = "<group>"; };
		198BB2401FFE74EA004A5722 /* Info.plist */ = {isa = PBXFileReference; lastKnownFileType = text.plist.xml; path = Info.plist; sourceTree = "<group>"; };
		198BB2471FFF8132004A5722 /* Model v1.xcdatamodel */ = {isa = PBXFileReference; lastKnownFileType = wrapper.xcdatamodel; path = "Model v1.xcdatamodel"; sourceTree = "<group>"; };
		198BB24D1FFF822D004A5722 /* TravelLocation+CoreDataClass.swift */ = {isa = PBXFileReference; lastKnownFileType = sourcecode.swift; path = "TravelLocation+CoreDataClass.swift"; sourceTree = "<group>"; };
		198BB24E1FFF822D004A5722 /* TravelLocation+CoreDataProperties.swift */ = {isa = PBXFileReference; lastKnownFileType = sourcecode.swift; path = "TravelLocation+CoreDataProperties.swift"; sourceTree = "<group>"; };
		3C9DE14621A3586EAE7F7305 /* TravelLocationsMapViewController.swift */ = {isa = PBXFileReference; fileEncoding = 4; lastKnownFileType = sourcecode.swift; path = TravelLocationsMapViewController.swift; sourceTree = "<group>"; };
		3C9DE3CB51415ACD82D332C0 /* Base */ = {isa = PBXFileReference; lastKnownFileType = file.storyboard; name = Base; path = "Virtual Tourist/Base.lproj/LaunchScreen.storyboard"; sourceTree = SOURCE_ROOT; };
		3C9DE429B1AF1F6471D997D9 /* CoreDataStack.swift */ = {isa = PBXFileReference; fileEncoding = 4; lastKnownFileType = sourcecode.swift; path = CoreDataStack.swift; sourceTree = "<group>"; };
		3C9DEF6953B9A6875955017D /* Base */ = {isa = PBXFileReference; lastKnownFileType = file.storyboard; name = Base; path = "Virtual Tourist/Base.lproj/Main.storyboard"; sourceTree = SOURCE_ROOT; };
/* End PBXFileReference section */

/* Begin PBXFrameworksBuildPhase section */
		198BB22E1FFE74EA004A5722 /* Frameworks */ = {
			isa = PBXFrameworksBuildPhase;
			buildActionMask = 2147483647;
			files = (
			);
			runOnlyForDeploymentPostprocessing = 0;
		};
/* End PBXFrameworksBuildPhase section */

/* Begin PBXGroup section */
		198BB2281FFE74EA004A5722 = {
			isa = PBXGroup;
			children = (
				198BB2331FFE74EA004A5722 /* Virtual Tourist */,
				198BB2321FFE74EA004A5722 /* Products */,
			);
			sourceTree = "<group>";
		};
		198BB2321FFE74EA004A5722 /* Products */ = {
			isa = PBXGroup;
			children = (
				198BB2311FFE74EA004A5722 /* Virtual Tourist.app */,
			);
			name = Products;
			sourceTree = "<group>";
		};
		198BB2331FFE74EA004A5722 /* Virtual Tourist */ = {
			isa = PBXGroup;
			children = (
				198BB2341FFE74EA004A5722 /* AppDelegate.swift */,
				198BB23B1FFE74EA004A5722 /* Assets.xcassets */,
				198BB2401FFE74EA004A5722 /* Info.plist */,
				3C9DE89F2A7A2A847E1F1AB4 /* Storyboards */,
				3C9DEBB076450AEA7115D592 /* ViewControllers */,
				3C9DE2BF9C477DCED1984592 /* Model */,
			);
			path = "Virtual Tourist";
			sourceTree = "<group>";
		};
		3C9DE2BF9C477DCED1984592 /* Model */ = {
			isa = PBXGroup;
			children = (
				198BB24D1FFF822D004A5722 /* TravelLocation+CoreDataClass.swift */,
				198BB24E1FFF822D004A5722 /* TravelLocation+CoreDataProperties.swift */,
				198BB2461FFF8132004A5722 /* Model v1.xcdatamodeld */,
				3C9DE429B1AF1F6471D997D9 /* CoreDataStack.swift */,
			);
			path = Model;
			sourceTree = "<group>";
		};
		3C9DE89F2A7A2A847E1F1AB4 /* Storyboards */ = {
			isa = PBXGroup;
			children = (
				3C9DE52E7D86D4AC23AAB025 /* LaunchScreen.storyboard */,
				3C9DEFABBF3A9957507BBEBD /* Main.storyboard */,
			);
			path = Storyboards;
			sourceTree = "<group>";
		};
		3C9DEBB076450AEA7115D592 /* ViewControllers */ = {
			isa = PBXGroup;
			children = (
				3C9DE14621A3586EAE7F7305 /* TravelLocationsMapViewController.swift */,
			);
			path = ViewControllers;
			sourceTree = "<group>";
		};
/* End PBXGroup section */

/* Begin PBXNativeTarget section */
		198BB2301FFE74EA004A5722 /* Virtual Tourist */ = {
			isa = PBXNativeTarget;
			buildConfigurationList = 198BB2431FFE74EA004A5722 /* Build configuration list for PBXNativeTarget "Virtual Tourist" */;
			buildPhases = (
				198BB22D1FFE74EA004A5722 /* Sources */,
				198BB22E1FFE74EA004A5722 /* Frameworks */,
				198BB22F1FFE74EA004A5722 /* Resources */,
			);
			buildRules = (
			);
			dependencies = (
			);
			name = "Virtual Tourist";
			productName = "Virtual Tourist";
			productReference = 198BB2311FFE74EA004A5722 /* Virtual Tourist.app */;
			productType = "com.apple.product-type.application";
		};
/* End PBXNativeTarget section */

/* Begin PBXProject section */
		198BB2291FFE74EA004A5722 /* Project object */ = {
			isa = PBXProject;
			attributes = {
				LastSwiftUpdateCheck = 0920;
				LastUpgradeCheck = 0920;
				ORGANIZATIONNAME = "Niklas Rammerstorfer";
				TargetAttributes = {
					198BB2301FFE74EA004A5722 = {
						CreatedOnToolsVersion = 9.2;
						ProvisioningStyle = Automatic;
					};
				};
			};
			buildConfigurationList = 198BB22C1FFE74EA004A5722 /* Build configuration list for PBXProject "Virtual Tourist" */;
			compatibilityVersion = "Xcode 8.0";
			developmentRegion = en;
			hasScannedForEncodings = 0;
			knownRegions = (
				en,
				Base,
			);
			mainGroup = 198BB2281FFE74EA004A5722;
			productRefGroup = 198BB2321FFE74EA004A5722 /* Products */;
			projectDirPath = "";
			projectRoot = "";
			targets = (
				198BB2301FFE74EA004A5722 /* Virtual Tourist */,
			);
		};
/* End PBXProject section */

/* Begin PBXResourcesBuildPhase section */
		198BB22F1FFE74EA004A5722 /* Resources */ = {
			isa = PBXResourcesBuildPhase;
			buildActionMask = 2147483647;
			files = (
				198BB23C1FFE74EA004A5722 /* Assets.xcassets in Resources */,
				3C9DE89E8995BEF908F52E74 /* LaunchScreen.storyboard in Resources */,
				3C9DE2D1D97518B27B5EEAFC /* Main.storyboard in Resources */,
			);
			runOnlyForDeploymentPostprocessing = 0;
		};
/* End PBXResourcesBuildPhase section */

/* Begin PBXSourcesBuildPhase section */
		198BB22D1FFE74EA004A5722 /* Sources */ = {
			isa = PBXSourcesBuildPhase;
			buildActionMask = 2147483647;
			files = (
				198BB24F1FFF822D004A5722 /* TravelLocation+CoreDataClass.swift in Sources */,
				198BB2351FFE74EA004A5722 /* AppDelegate.swift in Sources */,
				198BB2481FFF8132004A5722 /* Model v1.xcdatamodeld in Sources */,
				3C9DE6C1AFC686E85041E386 /* TravelLocationsMapViewController.swift in Sources */,
				198BB2501FFF822D004A5722 /* TravelLocation+CoreDataProperties.swift in Sources */,
				3C9DE9FB9CE03255FFFE0891 /* CoreDataStack.swift in Sources */,
			);
			runOnlyForDeploymentPostprocessing = 0;
		};
/* End PBXSourcesBuildPhase section */

/* Begin PBXVariantGroup section */
		3C9DE52E7D86D4AC23AAB025 /* LaunchScreen.storyboard */ = {
			isa = PBXVariantGroup;
			children = (
				3C9DE3CB51415ACD82D332C0 /* Base */,
			);
			name = LaunchScreen.storyboard;
			sourceTree = "<group>";
		};
		3C9DEFABBF3A9957507BBEBD /* Main.storyboard */ = {
			isa = PBXVariantGroup;
			children = (
				3C9DEF6953B9A6875955017D /* Base */,
			);
			name = Main.storyboard;
			sourceTree = "<group>";
		};
/* End PBXVariantGroup section */

/* Begin XCBuildConfiguration section */
		198BB2411FFE74EA004A5722 /* Debug */ = {
			isa = XCBuildConfiguration;
			buildSettings = {
				ALWAYS_SEARCH_USER_PATHS = NO;
				CLANG_ANALYZER_NONNULL = YES;
				CLANG_ANALYZER_NUMBER_OBJECT_CONVERSION = YES_AGGRESSIVE;
				CLANG_CXX_LANGUAGE_STANDARD = "gnu++14";
				CLANG_CXX_LIBRARY = "libc++";
				CLANG_ENABLE_MODULES = YES;
				CLANG_ENABLE_OBJC_ARC = YES;
				CLANG_WARN_BLOCK_CAPTURE_AUTORELEASING = YES;
				CLANG_WARN_BOOL_CONVERSION = YES;
				CLANG_WARN_COMMA = YES;
				CLANG_WARN_CONSTANT_CONVERSION = YES;
				CLANG_WARN_DIRECT_OBJC_ISA_USAGE = YES_ERROR;
				CLANG_WARN_DOCUMENTATION_COMMENTS = YES;
				CLANG_WARN_EMPTY_BODY = YES;
				CLANG_WARN_ENUM_CONVERSION = YES;
				CLANG_WARN_INFINITE_RECURSION = YES;
				CLANG_WARN_INT_CONVERSION = YES;
				CLANG_WARN_NON_LITERAL_NULL_CONVERSION = YES;
				CLANG_WARN_OBJC_LITERAL_CONVERSION = YES;
				CLANG_WARN_OBJC_ROOT_CLASS = YES_ERROR;
				CLANG_WARN_RANGE_LOOP_ANALYSIS = YES;
				CLANG_WARN_STRICT_PROTOTYPES = YES;
				CLANG_WARN_SUSPICIOUS_MOVE = YES;
				CLANG_WARN_UNGUARDED_AVAILABILITY = YES_AGGRESSIVE;
				CLANG_WARN_UNREACHABLE_CODE = YES;
				CLANG_WARN__DUPLICATE_METHOD_MATCH = YES;
				CODE_SIGN_IDENTITY = "iPhone Developer";
				COPY_PHASE_STRIP = NO;
				DEBUG_INFORMATION_FORMAT = dwarf;
				ENABLE_STRICT_OBJC_MSGSEND = YES;
				ENABLE_TESTABILITY = YES;
				GCC_C_LANGUAGE_STANDARD = gnu11;
				GCC_DYNAMIC_NO_PIC = NO;
				GCC_NO_COMMON_BLOCKS = YES;
				GCC_OPTIMIZATION_LEVEL = 0;
				GCC_PREPROCESSOR_DEFINITIONS = (
					"DEBUG=1",
					"$(inherited)",
				);
				GCC_WARN_64_TO_32_BIT_CONVERSION = YES;
				GCC_WARN_ABOUT_RETURN_TYPE = YES_ERROR;
				GCC_WARN_UNDECLARED_SELECTOR = YES;
				GCC_WARN_UNINITIALIZED_AUTOS = YES_AGGRESSIVE;
				GCC_WARN_UNUSED_FUNCTION = YES;
				GCC_WARN_UNUSED_VARIABLE = YES;
				IPHONEOS_DEPLOYMENT_TARGET = 11.2;
				MTL_ENABLE_DEBUG_INFO = YES;
				ONLY_ACTIVE_ARCH = YES;
				SDKROOT = iphoneos;
				SWIFT_ACTIVE_COMPILATION_CONDITIONS = DEBUG;
				SWIFT_OPTIMIZATION_LEVEL = "-Onone";
			};
			name = Debug;
		};
		198BB2421FFE74EA004A5722 /* Release */ = {
			isa = XCBuildConfiguration;
			buildSettings = {
				ALWAYS_SEARCH_USER_PATHS = NO;
				CLANG_ANALYZER_NONNULL = YES;
				CLANG_ANALYZER_NUMBER_OBJECT_CONVERSION = YES_AGGRESSIVE;
				CLANG_CXX_LANGUAGE_STANDARD = "gnu++14";
				CLANG_CXX_LIBRARY = "libc++";
				CLANG_ENABLE_MODULES = YES;
				CLANG_ENABLE_OBJC_ARC = YES;
				CLANG_WARN_BLOCK_CAPTURE_AUTORELEASING = YES;
				CLANG_WARN_BOOL_CONVERSION = YES;
				CLANG_WARN_COMMA = YES;
				CLANG_WARN_CONSTANT_CONVERSION = YES;
				CLANG_WARN_DIRECT_OBJC_ISA_USAGE = YES_ERROR;
				CLANG_WARN_DOCUMENTATION_COMMENTS = YES;
				CLANG_WARN_EMPTY_BODY = YES;
				CLANG_WARN_ENUM_CONVERSION = YES;
				CLANG_WARN_INFINITE_RECURSION = YES;
				CLANG_WARN_INT_CONVERSION = YES;
				CLANG_WARN_NON_LITERAL_NULL_CONVERSION = YES;
				CLANG_WARN_OBJC_LITERAL_CONVERSION = YES;
				CLANG_WARN_OBJC_ROOT_CLASS = YES_ERROR;
				CLANG_WARN_RANGE_LOOP_ANALYSIS = YES;
				CLANG_WARN_STRICT_PROTOTYPES = YES;
				CLANG_WARN_SUSPICIOUS_MOVE = YES;
				CLANG_WARN_UNGUARDED_AVAILABILITY = YES_AGGRESSIVE;
				CLANG_WARN_UNREACHABLE_CODE = YES;
				CLANG_WARN__DUPLICATE_METHOD_MATCH = YES;
				CODE_SIGN_IDENTITY = "iPhone Developer";
				COPY_PHASE_STRIP = NO;
				DEBUG_INFORMATION_FORMAT = "dwarf-with-dsym";
				ENABLE_NS_ASSERTIONS = NO;
				ENABLE_STRICT_OBJC_MSGSEND = YES;
				GCC_C_LANGUAGE_STANDARD = gnu11;
				GCC_NO_COMMON_BLOCKS = YES;
				GCC_WARN_64_TO_32_BIT_CONVERSION = YES;
				GCC_WARN_ABOUT_RETURN_TYPE = YES_ERROR;
				GCC_WARN_UNDECLARED_SELECTOR = YES;
				GCC_WARN_UNINITIALIZED_AUTOS = YES_AGGRESSIVE;
				GCC_WARN_UNUSED_FUNCTION = YES;
				GCC_WARN_UNUSED_VARIABLE = YES;
				IPHONEOS_DEPLOYMENT_TARGET = 11.2;
				MTL_ENABLE_DEBUG_INFO = NO;
				SDKROOT = iphoneos;
				SWIFT_OPTIMIZATION_LEVEL = "-Owholemodule";
				VALIDATE_PRODUCT = YES;
			};
			name = Release;
		};
		198BB2441FFE74EA004A5722 /* Debug */ = {
			isa = XCBuildConfiguration;
			buildSettings = {
				ASSETCATALOG_COMPILER_APPICON_NAME = AppIcon;
				CODE_SIGN_STYLE = Automatic;
				DEVELOPMENT_TEAM = QJQ277SAGA;
				INFOPLIST_FILE = "Virtual Tourist/Info.plist";
				LD_RUNPATH_SEARCH_PATHS = "$(inherited) @executable_path/Frameworks";
				PRODUCT_BUNDLE_IDENTIFIER = "com.niklasrammerstorfer.Virtual-Tourist";
				PRODUCT_NAME = "$(TARGET_NAME)";
				SWIFT_VERSION = 4.0;
				TARGETED_DEVICE_FAMILY = "1,2";
			};
			name = Debug;
		};
		198BB2451FFE74EA004A5722 /* Release */ = {
			isa = XCBuildConfiguration;
			buildSettings = {
				ASSETCATALOG_COMPILER_APPICON_NAME = AppIcon;
				CODE_SIGN_STYLE = Automatic;
				DEVELOPMENT_TEAM = QJQ277SAGA;
				INFOPLIST_FILE = "Virtual Tourist/Info.plist";
				LD_RUNPATH_SEARCH_PATHS = "$(inherited) @executable_path/Frameworks";
				PRODUCT_BUNDLE_IDENTIFIER = "com.niklasrammerstorfer.Virtual-Tourist";
				PRODUCT_NAME = "$(TARGET_NAME)";
				SWIFT_VERSION = 4.0;
				TARGETED_DEVICE_FAMILY = "1,2";
			};
			name = Release;
		};
/* End XCBuildConfiguration section */

/* Begin XCConfigurationList section */
		198BB22C1FFE74EA004A5722 /* Build configuration list for PBXProject "Virtual Tourist" */ = {
			isa = XCConfigurationList;
			buildConfigurations = (
				198BB2411FFE74EA004A5722 /* Debug */,
				198BB2421FFE74EA004A5722 /* Release */,
			);
			defaultConfigurationIsVisible = 0;
			defaultConfigurationName = Release;
		};
		198BB2431FFE74EA004A5722 /* Build configuration list for PBXNativeTarget "Virtual Tourist" */ = {
			isa = XCConfigurationList;
			buildConfigurations = (
				198BB2441FFE74EA004A5722 /* Debug */,
				198BB2451FFE74EA004A5722 /* Release */,
			);
			defaultConfigurationIsVisible = 0;
			defaultConfigurationName = Release;
		};
/* End XCConfigurationList section */

/* Begin XCVersionGroup section */
		198BB2461FFF8132004A5722 /* Model v1.xcdatamodeld */ = {
			isa = XCVersionGroup;
			children = (
				198BB2471FFF8132004A5722 /* Model v1.xcdatamodel */,
			);
			currentVersion = 198BB2471FFF8132004A5722 /* Model v1.xcdatamodel */;
			path = "Model v1.xcdatamodeld";
			sourceTree = "<group>";
			versionGroupType = wrapper.xcdatamodel;
		};
/* End XCVersionGroup section */
	};
	rootObject = 198BB2291FFE74EA004A5722 /* Project object */;
}
